
Microsoft Visual Studio Solution File, Format Version 12.00
# Visual Studio Version 17
VisualStudioVersion = 17.0.31903.59
MinimumVisualStudioVersion = 10.0.40219.1
Project("{2150E333-8FDC-42A3-9474-1A3956D46DE8}") = "ApiPGE", "ApiPGE", "{7059BCD1-A985-D1A7-4896-CD06A9D3D422}"
EndProject
Project("{FAE04EC0-301F-11D3-BF4B-00C04F79EFBC}") = "ApiPGE", "ApiPGE\ApiPGE\ApiPGE.csproj", "{EB9AED13-90F4-455E-95EA-CCF3B0F87028}"
EndProject
Project("{2150E333-8FDC-42A3-9474-1A3956D46DE8}") = "PGEFrontEndMapa-master", "PGEFrontEndMapa-master", "{37ACC501-3DA0-7FE2-F430-04DC89F8E8CE}"
EndProject
Project("{FAE04EC0-301F-11D3-BF4B-00C04F79EFBC}") = "IntegrarMapa", "PGEFrontEndMapa-master\IntegrarMapa.csproj", "{6B927DAB-EFBD-4DF9-A355-40E41947BD7E}"
EndProject
Global
	GlobalSection(SolutionConfigurationPlatforms) = preSolution
		Debug|Any CPU = Debug|Any CPU
		Debug|x64 = Debug|x64
		Debug|x86 = Debug|x86
		Release|Any CPU = Release|Any CPU
		Release|x64 = Release|x64
		Release|x86 = Release|x86
	EndGlobalSection
	GlobalSection(ProjectConfigurationPlatforms) = postSolution
		{EB9AED13-90F4-455E-95EA-CCF3B0F87028}.Debug|Any CPU.ActiveCfg = Debug|Any CPU
		{EB9AED13-90F4-455E-95EA-CCF3B0F87028}.Debug|Any CPU.Build.0 = Debug|Any CPU
		{EB9AED13-90F4-455E-95EA-CCF3B0F87028}.Debug|x64.ActiveCfg = Debug|Any CPU
		{EB9AED13-90F4-455E-95EA-CCF3B0F87028}.Debug|x64.Build.0 = Debug|Any CPU
		{EB9AED13-90F4-455E-95EA-CCF3B0F87028}.Debug|x86.ActiveCfg = Debug|Any CPU
		{EB9AED13-90F4-455E-95EA-CCF3B0F87028}.Debug|x86.Build.0 = Debug|Any CPU
		{EB9AED13-90F4-455E-95EA-CCF3B0F87028}.Release|Any CPU.ActiveCfg = Release|Any CPU
		{EB9AED13-90F4-455E-95EA-CCF3B0F87028}.Release|Any CPU.Build.0 = Release|Any CPU
		{EB9AED13-90F4-455E-95EA-CCF3B0F87028}.Release|x64.ActiveCfg = Release|Any CPU
		{EB9AED13-90F4-455E-95EA-CCF3B0F87028}.Release|x64.Build.0 = Release|Any CPU
		{EB9AED13-90F4-455E-95EA-CCF3B0F87028}.Release|x86.ActiveCfg = Release|Any CPU
		{EB9AED13-90F4-455E-95EA-CCF3B0F87028}.Release|x86.Build.0 = Release|Any CPU
		{6B927DAB-EFBD-4DF9-A355-40E41947BD7E}.Debug|Any CPU.ActiveCfg = Debug|Any CPU
		{6B927DAB-EFBD-4DF9-A355-40E41947BD7E}.Debug|Any CPU.Build.0 = Debug|Any CPU
		{6B927DAB-EFBD-4DF9-A355-40E41947BD7E}.Debug|x64.ActiveCfg = Debug|Any CPU
		{6B927DAB-EFBD-4DF9-A355-40E41947BD7E}.Debug|x64.Build.0 = Debug|Any CPU
		{6B927DAB-EFBD-4DF9-A355-40E41947BD7E}.Debug|x86.ActiveCfg = Debug|Any CPU
		{6B927DAB-EFBD-4DF9-A355-40E41947BD7E}.Debug|x86.Build.0 = Debug|Any CPU
		{6B927DAB-EFBD-4DF9-A355-40E41947BD7E}.Release|Any CPU.ActiveCfg = Release|Any CPU
		{6B927DAB-EFBD-4DF9-A355-40E41947BD7E}.Release|Any CPU.Build.0 = Release|Any CPU
		{6B927DAB-EFBD-4DF9-A355-40E41947BD7E}.Release|x64.ActiveCfg = Release|Any CPU
		{6B927DAB-EFBD-4DF9-A355-40E41947BD7E}.Release|x64.Build.0 = Release|Any CPU
		{6B927DAB-EFBD-4DF9-A355-40E41947BD7E}.Release|x86.ActiveCfg = Release|Any CPU
		{6B927DAB-EFBD-4DF9-A355-40E41947BD7E}.Release|x86.Build.0 = Release|Any CPU
	EndGlobalSection
	GlobalSection(SolutionProperties) = preSolution
		HideSolutionNode = FALSE
	EndGlobalSection
	GlobalSection(NestedProjects) = preSolution
		{EB9AED13-90F4-455E-95EA-CCF3B0F87028} = {7059BCD1-A985-D1A7-4896-CD06A9D3D422}
		{6B927DAB-EFBD-4DF9-A355-40E41947BD7E} = {37ACC501-3DA0-7FE2-F430-04DC89F8E8CE}
	EndGlobalSection
EndGlobal
